<?xml version="1.0" encoding="utf-8"?>
<Project ToolsVersion="4.0" xmlns="http://schemas.microsoft.com/developer/msbuild/2003">
  <ItemGroup>
    <Filter Include="Source Files">
      <UniqueIdentifier>{4FC737F1-C7A5-4376-A066-2A32D752A2FF}</UniqueIdentifier>
      <Extensions>cpp;c;cc;cxx;def;odl;idl;hpj;bat;asm;asmx</Extensions>
    </Filter>
    <Filter Include="Header Files">
      <UniqueIdentifier>{93995380-89BD-4b04-88EB-625FBE52EBFB}</UniqueIdentifier>
      <Extensions>h;hh;hpp;hxx;hm;inl;inc;xsd</Extensions>
    </Filter>
    <Filter Include="Resource Files">
      <UniqueIdentifier>{67DA6AB6-F800-4c08-8B7A-83BB121AAD01}</UniqueIdentifier>
      <Extensions>rc;ico;cur;bmp;dlg;rc2;rct;bin;rgs;gif;jpg;jpeg;jpe;resx;tiff;tif;png;wav;mfcribbon-ms</Extensions>
    </Filter>
    <Filter Include="Source Files\EngineFiles">
      <UniqueIdentifier>{79784c86-7120-408e-b481-235d66e24190}</UniqueIdentifier>
    </Filter>
    <Filter Include="Source Files\EngineFiles\Shaders">
      <UniqueIdentifier>{48ec0470-4d43-484c-a40c-250f07030134}</UniqueIdentifier>
    </Filter>
    <Filter Include="Source Files\EngineFiles\Shaders\Fragment">
      <UniqueIdentifier>{fc3cb7f5-02b9-4214-a012-73193e4f6143}</UniqueIdentifier>
    </Filter>
    <Filter Include="Source Files\EngineFiles\Shaders\Vertex">
      <UniqueIdentifier>{c08a1a53-c6ec-46f8-b810-f58027999f9f}</UniqueIdentifier>
    </Filter>
    <Filter Include="Header Files\EngineFiles">
      <UniqueIdentifier>{22071f62-c5bc-4e59-b65c-8cdff2958848}</UniqueIdentifier>
    </Filter>
    <Filter Include="Source Files\UserDemoProject">
      <UniqueIdentifier>{e63c14d8-eb42-40b8-8855-0800edd2cd88}</UniqueIdentifier>
    </Filter>
    <Filter Include="Source Files\UserDemoProject\scripts">
      <UniqueIdentifier>{91950395-aecf-4edd-a7c5-fea2bc348635}</UniqueIdentifier>
    </Filter>
    <Filter Include="Source Files\UserDemoProject\Shaders">
      <UniqueIdentifier>{62e59cad-dedd-4020-a407-83b74e6db14d}</UniqueIdentifier>
    </Filter>
    <Filter Include="Source Files\UserDemoProject\Shaders\Custom materials">
      <UniqueIdentifier>{af7d3ab0-1857-41da-a625-972f1a2d1bc0}</UniqueIdentifier>
    </Filter>
    <Filter Include="Source Files\UserDemoProject\PostProcessingEffects">
      <UniqueIdentifier>{3ced0516-8fe3-4b48-9dc5-a2fff9c767ea}</UniqueIdentifier>
    </Filter>
    <Filter Include="Source Files\UserDemoProject\CustomClass">
      <UniqueIdentifier>{1319f4f7-7a01-4883-acf6-59ddef5f0403}</UniqueIdentifier>
    </Filter>
    <Filter Include="Source Files\UserDemoProject\Shaders\PostProcessingShaders">
      <UniqueIdentifier>{b9d822c1-8659-4dd8-a170-f8c5fd8d8076}</UniqueIdentifier>
    </Filter>
  </ItemGroup>
  <ItemGroup>
    <ClCompile Include="Main.cpp">
      <Filter>Source Files\UserDemoProject</Filter>
    </ClCompile>
    <ClCompile Include="Animator.cpp">
      <Filter>Source Files\EngineFiles</Filter>
    </ClCompile>
    <ClCompile Include="AudioSource.cpp">
      <Filter>Source Files\EngineFiles</Filter>
    </ClCompile>
    <ClCompile Include="CameraObj.cpp">
      <Filter>Source Files\EngineFiles</Filter>
    </ClCompile>
    <ClCompile Include="GameObject.cpp">
      <Filter>Source Files\EngineFiles</Filter>
    </ClCompile>
    <ClCompile Include="GLError.cpp">
      <Filter>Source Files\EngineFiles</Filter>
    </ClCompile>
    <ClCompile Include="LightObject.cpp">
      <Filter>Source Files\EngineFiles</Filter>
    </ClCompile>
    <ClCompile Include="MaterialObj.cpp">
      <Filter>Source Files\EngineFiles</Filter>
    </ClCompile>
    <ClCompile Include="MeshObj.cpp">
      <Filter>Source Files\EngineFiles</Filter>
    </ClCompile>
    <ClCompile Include="MeshRenderer.cpp">
      <Filter>Source Files\EngineFiles</Filter>
    </ClCompile>
    <ClCompile Include="MTLfileReader.cpp">
      <Filter>Source Files\EngineFiles</Filter>
    </ClCompile>
    <ClCompile Include="NL_Time.cpp">
      <Filter>Source Files\EngineFiles</Filter>
    </ClCompile>
    <ClCompile Include="NLphysxCollider.cpp">
      <Filter>Source Files\EngineFiles</Filter>
    </ClCompile>
    <ClCompile Include="NLphysxRigidBody.cpp">
      <Filter>Source Files\EngineFiles</Filter>
    </ClCompile>
    <ClCompile Include="OBJfileReader.cpp">
      <Filter>Source Files\EngineFiles</Filter>
    </ClCompile>
    <ClCompile Include="ParticleObj.cpp">
      <Filter>Source Files\EngineFiles</Filter>
    </ClCompile>
    <ClCompile Include="ParticleSystem.cpp">
      <Filter>Source Files\EngineFiles</Filter>
    </ClCompile>
    <ClCompile Include="ShaderObj.cpp">
      <Filter>Source Files\EngineFiles</Filter>
    </ClCompile>
    <ClCompile Include="ShaderWizard.cpp">
      <Filter>Source Files\EngineFiles</Filter>
    </ClCompile>
    <ClCompile Include="SkyboxObj.cpp">
      <Filter>Source Files\EngineFiles</Filter>
    </ClCompile>
    <ClCompile Include="TextureInstance.cpp">
      <Filter>Source Files\EngineFiles</Filter>
    </ClCompile>
    <ClCompile Include="TextureLoader.cpp">
      <Filter>Source Files\EngineFiles</Filter>
    </ClCompile>
    <ClCompile Include="Transform.cpp">
      <Filter>Source Files\EngineFiles</Filter>
    </ClCompile>
    <ClCompile Include="UICanvas.cpp">
      <Filter>Source Files\EngineFiles</Filter>
    </ClCompile>
    <ClCompile Include="UIImage.cpp">
      <Filter>Source Files\EngineFiles</Filter>
    </ClCompile>
    <ClCompile Include="UIText.cpp">
      <Filter>Source Files\EngineFiles</Filter>
    </ClCompile>
    <ClCompile Include="WorldSpace.cpp">
      <Filter>Source Files\EngineFiles</Filter>
    </ClCompile>
    <ClCompile Include="XMLfileReader.cpp">
      <Filter>Source Files\EngineFiles</Filter>
    </ClCompile>
    <ClCompile Include="NLManager.cpp">
      <Filter>Source Files\EngineFiles</Filter>
    </ClCompile>
    <ClCompile Include="BOIDObject.cpp">
      <Filter>Source Files\UserDemoProject\CustomClass</Filter>
    </ClCompile>
    <ClCompile Include="MotionBlurPPE.hpp">
      <Filter>Source Files\UserDemoProject\PostProcessingEffects</Filter>
    </ClCompile>
  </ItemGroup>
  <ItemGroup>
    <ClInclude Include="Animator.h">
      <Filter>Header Files\EngineFiles</Filter>
    </ClInclude>
    <ClInclude Include="AudioSource.h">
      <Filter>Header Files\EngineFiles</Filter>
    </ClInclude>
    <ClInclude Include="CameraObj.h">
      <Filter>Header Files\EngineFiles</Filter>
    </ClInclude>
    <ClInclude Include="CppScript.h">
      <Filter>Header Files\EngineFiles</Filter>
    </ClInclude>
    <ClInclude Include="GameObject.h">
      <Filter>Header Files\EngineFiles</Filter>
    </ClInclude>
    <ClInclude Include="GLError.h">
      <Filter>Header Files\EngineFiles</Filter>
    </ClInclude>
    <ClInclude Include="LightObject.h">
      <Filter>Header Files\EngineFiles</Filter>
    </ClInclude>
    <ClInclude Include="MaterialInstance.h">
      <Filter>Header Files\EngineFiles</Filter>
    </ClInclude>
    <ClInclude Include="MeshInstance.h">
      <Filter>Header Files\EngineFiles</Filter>
    </ClInclude>
    <ClInclude Include="MeshRenderer.h">
      <Filter>Header Files\EngineFiles</Filter>
    </ClInclude>
    <ClInclude Include="MTLfileReader.h">
      <Filter>Header Files\EngineFiles</Filter>
    </ClInclude>
    <ClInclude Include="NamelessCore.hpp">
      <Filter>Header Files\EngineFiles</Filter>
    </ClInclude>
    <ClInclude Include="NL.hpp">
      <Filter>Header Files\EngineFiles</Filter>
    </ClInclude>
    <ClInclude Include="NL_Time.h">
      <Filter>Header Files\EngineFiles</Filter>
    </ClInclude>
    <ClInclude Include="NLphysxCollider.h">
      <Filter>Header Files\EngineFiles</Filter>
    </ClInclude>
    <ClInclude Include="NLphysxRigidBody.h">
      <Filter>Header Files\EngineFiles</Filter>
    </ClInclude>
    <ClInclude Include="OBJfileReader.h">
      <Filter>Header Files\EngineFiles</Filter>
    </ClInclude>
    <ClInclude Include="ParticleObj.h">
      <Filter>Header Files\EngineFiles</Filter>
    </ClInclude>
    <ClInclude Include="ParticleSystem.h">
      <Filter>Header Files\EngineFiles</Filter>
    </ClInclude>
    <ClInclude Include="ShaderInstance.h">
      <Filter>Header Files\EngineFiles</Filter>
    </ClInclude>
    <ClInclude Include="ShaderWizard.h">
      <Filter>Header Files\EngineFiles</Filter>
    </ClInclude>
    <ClInclude Include="SkyboxObj.h">
      <Filter>Header Files\EngineFiles</Filter>
    </ClInclude>
    <ClInclude Include="TextureInstance.h">
      <Filter>Header Files\EngineFiles</Filter>
    </ClInclude>
    <ClInclude Include="TextureLoader.h">
      <Filter>Header Files\EngineFiles</Filter>
    </ClInclude>
    <ClInclude Include="Transform.h">
      <Filter>Header Files\EngineFiles</Filter>
    </ClInclude>
    <ClInclude Include="UICanvas.h">
      <Filter>Header Files\EngineFiles</Filter>
    </ClInclude>
    <ClInclude Include="UIImage.h">
      <Filter>Header Files\EngineFiles</Filter>
    </ClInclude>
    <ClInclude Include="UIText.h">
      <Filter>Header Files\EngineFiles</Filter>
    </ClInclude>
    <ClInclude Include="WorldSpace.h">
      <Filter>Header Files\EngineFiles</Filter>
    </ClInclude>
    <ClInclude Include="XMLfileReader.h">
      <Filter>Header Files\EngineFiles</Filter>
    </ClInclude>
    <ClInclude Include="CamController.hpp">
      <Filter>Source Files\UserDemoProject\scripts</Filter>
    </ClInclude>
    <ClInclude Include="ParticleScript.hpp">
      <Filter>Source Files\UserDemoProject\scripts</Filter>
    </ClInclude>
    <ClInclude Include="GausianBlurPostProcessingEffect.hpp">
      <Filter>Source Files\UserDemoProject\PostProcessingEffects</Filter>
    </ClInclude>
    <ClInclude Include="NLManager.h">
      <Filter>Header Files\EngineFiles</Filter>
    </ClInclude>
    <ClInclude Include="TestScript.hpp">
      <Filter>Source Files\UserDemoProject\scripts</Filter>
    </ClInclude>
    <ClInclude Include="BOIDscript.hpp">
      <Filter>Source Files\UserDemoProject\scripts</Filter>
    </ClInclude>
    <ClInclude Include="BOIDObject.h">
      <Filter>Source Files\UserDemoProject\CustomClass</Filter>
    </ClInclude>
    <ClInclude Include="cockpitController.hpp">
      <Filter>Source Files\UserDemoProject\scripts</Filter>
    </ClInclude>
    <ClInclude Include="NightVisionPPE.hpp">
      <Filter>Source Files\UserDemoProject\PostProcessingEffects</Filter>
    </ClInclude>
  </ItemGroup>
  <ItemGroup>
    <None Include="NightVisionPPEfragment.glsl">
      <Filter>Source Files\UserDemoProject\Shaders\PostProcessingShaders</Filter>
    </None>
    <None Include="NightVisionPPEVertex.glsl">
      <Filter>Source Files\UserDemoProject\Shaders\PostProcessingShaders</Filter>
    </None>
    <None Include="MotionBlurPPEVertex.glsl">
      <Filter>Source Files\UserDemoProject\Shaders\PostProcessingShaders</Filter>
    </None>
    <None Include="MotionBlurPPEFragment.glsl">
      <Filter>Source Files\UserDemoProject\Shaders\PostProcessingShaders</Filter>
    </None>
    <None Include="MyShaders\NightVisionPPEVertex.glsl">
      <Filter>Source Files\EngineFiles\Shaders\Vertex</Filter>
    </None>
    <None Include="MyShaders\PreFilterDefaultVertshader.glsl">
      <Filter>Source Files\EngineFiles\Shaders\Vertex</Filter>
    </None>
    <None Include="MyShaders\screenQuadVshader.glsl">
      <Filter>Source Files\EngineFiles\Shaders\Vertex</Filter>
    </None>
    <None Include="MyShaders\SkyboxDefaultVertshader.glsl">
      <Filter>Source Files\EngineFiles\Shaders\Vertex</Filter>
    </None>
    <None Include="MyShaders\UITexVertshader.glsl">
      <Filter>Source Files\EngineFiles\Shaders\Vertex</Filter>
    </None>
    <None Include="MyShaders\BRDFDefaultVertshader.glsl">
      <Filter>Source Files\EngineFiles\Shaders\Vertex</Filter>
    </None>
    <None Include="MyShaders\DdeferedScreenQuadvertexshader.glsl">
      <Filter>Source Files\EngineFiles\Shaders\Vertex</Filter>
    </None>
    <None Include="MyShaders\Ddeferedvertexshader.glsl">
      <Filter>Source Files\EngineFiles\Shaders\Vertex</Filter>
    </None>
    <None Include="MyShaders\defaultvertexshader.glsl">
      <Filter>Source Files\EngineFiles\Shaders\Vertex</Filter>
    </None>
    <None Include="MyShaders\DepthPassVertshader.glsl">
      <Filter>Source Files\EngineFiles\Shaders\Vertex</Filter>
    </None>
    <None Include="MyShaders\EnvironmentDefaultVertshader.glsl">
      <Filter>Source Files\EngineFiles\Shaders\Vertex</Filter>
    </None>
    <None Include="MyShaders\HDRImageDefaultVertshader.glsl">
      <Filter>Source Files\EngineFiles\Shaders\Vertex</Filter>
    </None>
    <None Include="MyShaders\MotionBlurPPEVertex.glsl">
      <Filter>Source Files\EngineFiles\Shaders\Vertex</Filter>
    </None>
    <None Include="MyShaders\DdeferedScreenQuadfragmentshader.glsl">
      <Filter>Source Files\EngineFiles\Shaders\Fragment</Filter>
    </None>
    <None Include="MyShaders\defaultfragmentshader.glsl">
      <Filter>Source Files\EngineFiles\Shaders\Fragment</Filter>
    </None>
    <None Include="MyShaders\DepthPassFragshader.glsl">
      <Filter>Source Files\EngineFiles\Shaders\Fragment</Filter>
    </None>
    <None Include="MyShaders\EnvironmentDefaultFragshader.glsl">
      <Filter>Source Files\EngineFiles\Shaders\Fragment</Filter>
    </None>
    <None Include="MyShaders\HDRImageDefaultFragshader.glsl">
      <Filter>Source Files\EngineFiles\Shaders\Fragment</Filter>
    </None>
    <None Include="MyShaders\MotionBlurPPEFragment.glsl">
      <Filter>Source Files\EngineFiles\Shaders\Fragment</Filter>
    </None>
    <None Include="MyShaders\NightVisionPPEfragment.glsl">
      <Filter>Source Files\EngineFiles\Shaders\Fragment</Filter>
    </None>
    <None Include="MyShaders\PreFilterDefaultFragshader.glsl">
      <Filter>Source Files\EngineFiles\Shaders\Fragment</Filter>
    </None>
    <None Include="MyShaders\screenQuadFshader.glsl">
      <Filter>Source Files\EngineFiles\Shaders\Fragment</Filter>
    </None>
    <None Include="MyShaders\SkyboxDefaultFragshader.glsl">
      <Filter>Source Files\EngineFiles\Shaders\Fragment</Filter>
    </None>
    <None Include="MyShaders\UITexFragshader.glsl">
      <Filter>Source Files\EngineFiles\Shaders\Fragment</Filter>
    </None>
    <None Include="MyShaders\BRDFDefaultFragshader.glsl">
      <Filter>Source Files\EngineFiles\Shaders\Fragment</Filter>
    </None>
    <None Include="MyShaders\Ddeferedfragmentshader.glsl">
      <Filter>Source Files\EngineFiles\Shaders\Fragment</Filter>
    </None>
    <None Include="MyShaders\GaussianBlurVshader.glsl">
      <Filter>Source Files\UserDemoProject\Shaders\PostProcessingShaders</Filter>
    </None>
    <None Include="MyShaders\GaussianBlurFshader.glsl">
      <Filter>Source Files\UserDemoProject\Shaders\PostProcessingShaders</Filter>
    </None>
    <None Include="MyShaders\RockMaterial.glsl">
      <Filter>Source Files\UserDemoProject\Shaders\Custom materials</Filter>
    </None>
    <None Include="MyShaders\MetalMaterial.glsl">
      <Filter>Source Files\UserDemoProject\Shaders\Custom materials</Filter>
    </None>
    <None Include="MyShaders\perfectMaterial1.glsl">
      <Filter>Source Files\UserDemoProject\Shaders\Custom materials</Filter>
    </None>
  </ItemGroup>
</Project>