<?xml version="1.0" encoding="utf-8"?>
<Project ToolsVersion="4.0" xmlns="http://schemas.microsoft.com/developer/msbuild/2003">
  <ItemGroup>
    <Filter Include="Source Files">
      <UniqueIdentifier>{4FC737F1-C7A5-4376-A066-2A32D752A2FF}</UniqueIdentifier>
      <Extensions>cpp;c;cc;cxx;def;odl;idl;hpj;bat;asm;asmx</Extensions>
    </Filter>
    <Filter Include="Header Files">
      <UniqueIdentifier>{93995380-89BD-4b04-88EB-625FBE52EBFB}</UniqueIdentifier>
      <Extensions>h;hh;hpp;hxx;hm;inl;inc;xsd</Extensions>
    </Filter>
    <Filter Include="Resource Files">
      <UniqueIdentifier>{67DA6AB6-F800-4c08-8B7A-83BB121AAD01}</UniqueIdentifier>
      <Extensions>rc;ico;cur;bmp;dlg;rc2;rct;bin;rgs;gif;jpg;jpeg;jpe;resx;tiff;tif;png;wav;mfcribbon-ms</Extensions>
    </Filter>
    <Filter Include="Header Files\WorldObjects">
      <UniqueIdentifier>{5ab82ac6-ec6a-48c0-b950-ac23f7894572}</UniqueIdentifier>
    </Filter>
    <Filter Include="Source Files\WorldObjects">
      <UniqueIdentifier>{9e10d173-ada7-4ec2-b947-58349468fe69}</UniqueIdentifier>
    </Filter>
    <Filter Include="Header Files\EngineObjects">
      <UniqueIdentifier>{a9e5f5a5-2954-41a7-8f90-8686cdc08d71}</UniqueIdentifier>
    </Filter>
    <Filter Include="Source Files\EngineObjects">
      <UniqueIdentifier>{595d3531-2677-4cf5-b3d9-ad0ebb5c8a4f}</UniqueIdentifier>
    </Filter>
    <Filter Include="Source Files\Components">
      <UniqueIdentifier>{7b69da3c-79d5-4c8e-bc73-487865d89190}</UniqueIdentifier>
    </Filter>
    <Filter Include="Header Files\Components">
      <UniqueIdentifier>{731f93aa-6392-4d45-98b1-9a20a489e699}</UniqueIdentifier>
    </Filter>
    <Filter Include="Header Files\Elements">
      <UniqueIdentifier>{fd729fc5-a57a-4b24-8b09-e3e8f1e574f8}</UniqueIdentifier>
    </Filter>
    <Filter Include="Source Files\Elements">
      <UniqueIdentifier>{30f2f353-a016-43b9-8e45-af20a9a4bd6b}</UniqueIdentifier>
    </Filter>
    <Filter Include="Header Files\Tools">
      <UniqueIdentifier>{e9dc27a5-539d-4cd7-97a3-3b903cd24270}</UniqueIdentifier>
    </Filter>
    <Filter Include="Source Files\Tools">
      <UniqueIdentifier>{5e998d53-af88-4d58-b6ce-814abd7eab51}</UniqueIdentifier>
    </Filter>
  </ItemGroup>
  <ItemGroup>
    <ClCompile Include="GLError.cpp">
      <Filter>Source Files\Tools</Filter>
    </ClCompile>
    <ClCompile Include="ShaderWizard.cpp">
      <Filter>Source Files\Tools</Filter>
    </ClCompile>
    <ClCompile Include="OBJfileReader.cpp">
      <Filter>Source Files\Tools</Filter>
    </ClCompile>
    <ClCompile Include="GameObject.cpp">
      <Filter>Source Files\WorldObjects</Filter>
    </ClCompile>
    <ClCompile Include="MeshRenderer.cpp">
      <Filter>Source Files\Components</Filter>
    </ClCompile>
    <ClCompile Include="Transform.cpp">
      <Filter>Source Files\Components</Filter>
    </ClCompile>
    <ClCompile Include="CameraObj.cpp">
      <Filter>Source Files\WorldObjects</Filter>
    </ClCompile>
    <ClCompile Include="MeshObj.cpp">
      <Filter>Source Files\Elements</Filter>
    </ClCompile>
    <ClCompile Include="ShaderObj.cpp">
      <Filter>Source Files\Elements</Filter>
    </ClCompile>
    <ClCompile Include="NL_Time.cpp">
      <Filter>Source Files\EngineObjects</Filter>
    </ClCompile>
    <ClCompile Include="MTLfileReader.cpp">
      <Filter>Source Files\Tools</Filter>
    </ClCompile>
    <ClCompile Include="MaterialObj.cpp">
      <Filter>Source Files\Elements</Filter>
    </ClCompile>
    <ClCompile Include="TextureLoader.cpp">
      <Filter>Source Files\Tools</Filter>
    </ClCompile>
    <ClCompile Include="LightObject.cpp">
      <Filter>Source Files\WorldObjects</Filter>
    </ClCompile>
    <ClCompile Include="AudioSource.cpp">
      <Filter>Source Files\WorldObjects</Filter>
    </ClCompile>
    <ClCompile Include="SkyboxObj.cpp">
      <Filter>Source Files\WorldObjects</Filter>
    </ClCompile>
    <ClCompile Include="WorldSpace.cpp">
      <Filter>Source Files\EngineObjects</Filter>
    </ClCompile>
    <ClCompile Include="Main.cpp">
      <Filter>Source Files</Filter>
    </ClCompile>
    <ClCompile Include="GameManager.cpp">
      <Filter>Source Files\EngineObjects</Filter>
    </ClCompile>
  </ItemGroup>
  <ItemGroup>
    <ClInclude Include="ShaderWizard.h">
      <Filter>Header Files\Tools</Filter>
    </ClInclude>
    <ClInclude Include="GLError.h">
      <Filter>Header Files\Tools</Filter>
    </ClInclude>
    <ClInclude Include="OBJfileReader.h">
      <Filter>Header Files\Tools</Filter>
    </ClInclude>
    <ClInclude Include="MeshRenderer.h">
      <Filter>Header Files\Components</Filter>
    </ClInclude>
    <ClInclude Include="Transform.h">
      <Filter>Header Files\Components</Filter>
    </ClInclude>
    <ClInclude Include="WorldSpace.h">
      <Filter>Header Files\WorldObjects</Filter>
    </ClInclude>
    <ClInclude Include="GameObject.h">
      <Filter>Header Files\WorldObjects</Filter>
    </ClInclude>
    <ClInclude Include="NamelessCore.h">
      <Filter>Header Files\EngineObjects</Filter>
    </ClInclude>
    <ClInclude Include="NL.hpp">
      <Filter>Header Files\EngineObjects</Filter>
    </ClInclude>
    <ClInclude Include="CameraObj.h">
      <Filter>Header Files\WorldObjects</Filter>
    </ClInclude>
    <ClInclude Include="NL_Time.h">
      <Filter>Header Files\EngineObjects</Filter>
    </ClInclude>
    <ClInclude Include="MTLfileReader.h">
      <Filter>Header Files\Tools</Filter>
    </ClInclude>
    <ClInclude Include="TextureLoader.h">
      <Filter>Header Files\Tools</Filter>
    </ClInclude>
    <ClInclude Include="LightObject.h">
      <Filter>Header Files\WorldObjects</Filter>
    </ClInclude>
    <ClInclude Include="Script.h">
      <Filter>Header Files\Components</Filter>
    </ClInclude>
    <ClInclude Include="AudioSource.h">
      <Filter>Header Files\EngineObjects</Filter>
    </ClInclude>
    <ClInclude Include="SkyboxObj.h">
      <Filter>Header Files\WorldObjects</Filter>
    </ClInclude>
    <ClInclude Include="TemplateScript.hpp">
      <Filter>Source Files</Filter>
    </ClInclude>
    <ClInclude Include="CamController.hpp">
      <Filter>Source Files</Filter>
    </ClInclude>
    <ClInclude Include="MaterialInstance.h">
      <Filter>Header Files\Elements</Filter>
    </ClInclude>
    <ClInclude Include="MeshInstance.h">
      <Filter>Header Files\Elements</Filter>
    </ClInclude>
    <ClInclude Include="ShaderInstance.h">
      <Filter>Header Files\Elements</Filter>
    </ClInclude>
    <ClInclude Include="GameManager.h">
      <Filter>Header Files\EngineObjects</Filter>
    </ClInclude>
  </ItemGroup>
  <ItemGroup>
    <None Include="defaultvertexshader.glsl" />
    <None Include="defaultfragmentshader.glsl" />
    <None Include="SkyboxDefaultVertshader.glsl" />
    <None Include="SkyboxDefaultFragshader.glsl" />
    <None Include="screenQuadVshader.glsl" />
    <None Include="screenQuadFshader.glsl" />
    <None Include="EnvironmentDefaultVertshader.glsl" />
    <None Include="EnvironmentDefaultFragshader.glsl" />
    <None Include="HDRImageDefaultFragshader.glsl" />
    <None Include="HDRImageDefaultVertshader.glsl" />
    <None Include="blueFrag.glsl" />
  </ItemGroup>
</Project>